
Microsoft Visual Studio Solution File, Format Version 12.00
# Visual Studio 2012
Project("{FAE04EC0-301F-11D3-BF4B-00C04F79EFBC}") = "SignosZodiaco", "SignosZodiaco\SignosZodiaco.csproj", "{45C437D6-A0BF-4378-8D7B-E99C30D20CE6}"
EndProject
Project("{FAE04EC0-301F-11D3-BF4B-00C04F79EFBC}") = "zodiaco", "zodiaco\zodiaco.csproj", "{CE346EF5-8CDE-4F25-96D7-896183C3D6E2}"
	ProjectSection(ProjectDependencies) = postProject
		{45C437D6-A0BF-4378-8D7B-E99C30D20CE6} = {45C437D6-A0BF-4378-8D7B-E99C30D20CE6}
	EndProjectSection
EndProject
Global
	GlobalSection(SolutionConfigurationPlatforms) = preSolution
		Debug|Any CPU = Debug|Any CPU
		Release|Any CPU = Release|Any CPU
	EndGlobalSection
	GlobalSection(ProjectConfigurationPlatforms) = postSolution
		{45C437D6-A0BF-4378-8D7B-E99C30D20CE6}.Debug|Any CPU.ActiveCfg = Debug|Any CPU
		{45C437D6-A0BF-4378-8D7B-E99C30D20CE6}.Debug|Any CPU.Build.0 = Debug|Any CPU
		{45C437D6-A0BF-4378-8D7B-E99C30D20CE6}.Release|Any CPU.ActiveCfg = Release|Any CPU
		{45C437D6-A0BF-4378-8D7B-E99C30D20CE6}.Release|Any CPU.Build.0 = Release|Any CPU
		{CE346EF5-8CDE-4F25-96D7-896183C3D6E2}.Debug|Any CPU.ActiveCfg = Debug|Any CPU
		{CE346EF5-8CDE-4F25-96D7-896183C3D6E2}.Debug|Any CPU.Build.0 = Debug|Any CPU
		{CE346EF5-8CDE-4F25-96D7-896183C3D6E2}.Release|Any CPU.ActiveCfg = Release|Any CPU
		{CE346EF5-8CDE-4F25-96D7-896183C3D6E2}.Release|Any CPU.Build.0 = Release|Any CPU
	EndGlobalSection
	GlobalSection(SolutionProperties) = preSolution
		HideSolutionNode = FALSE
	EndGlobalSection
EndGlobal
